
Microsoft Visual Studio Solution File, Format Version 12.00
# Visual Studio 15
VisualStudioVersion = 15.0.28307.705
MinimumVisualStudioVersion = 10.0.40219.1
Project("{FAE04EC0-301F-11D3-BF4B-00C04F79EFBC}") = "DutchTreat", "DutchTreat\DutchTreat.csproj", "{3AAB3717-9CFE-4CA1-9254-EBF8BC4C3DBE}"
EndProject
Global
	GlobalSection(SolutionConfigurationPlatforms) = preSolution
		Debug|Any CPU = Debug|Any CPU
		Release|Any CPU = Release|Any CPU
	EndGlobalSection
	GlobalSection(ProjectConfigurationPlatforms) = postSolution
		{3AAB3717-9CFE-4CA1-9254-EBF8BC4C3DBE}.Debug|Any CPU.ActiveCfg = Debug|Any CPU
		{3AAB3717-9CFE-4CA1-9254-EBF8BC4C3DBE}.Debug|Any CPU.Build.0 = Debug|Any CPU
		{3AAB3717-9CFE-4CA1-9254-EBF8BC4C3DBE}.Release|Any CPU.ActiveCfg = Release|Any CPU
		{3AAB3717-9CFE-4CA1-9254-EBF8BC4C3DBE}.Release|Any CPU.Build.0 = Release|Any CPU
	EndGlobalSection
	GlobalSection(SolutionProperties) = preSolution
		HideSolutionNode = FALSE
	EndGlobalSection
	GlobalSection(ExtensibilityGlobals) = postSolution
		SolutionGuid = {3BCE160A-EF8C-4DE6-AEBA-CBEA132F2C29}
	EndGlobalSection
EndGlobal
