
Microsoft Visual Studio Solution File, Format Version 12.00
# Visual Studio 15
VisualStudioVersion = 15.0.28307.705
MinimumVisualStudioVersion = 10.0.40219.1
Project("{FAE04EC0-301F-11D3-BF4B-00C04F79EFBC}") = "BigProject", "BigProject\BigProject.csproj", "{34BB1F54-FF30-47A1-9C32-7953424C14EB}"
EndProject
Global
	GlobalSection(SolutionConfigurationPlatforms) = preSolution
		Debug|Any CPU = Debug|Any CPU
		Release|Any CPU = Release|Any CPU
	EndGlobalSection
	GlobalSection(ProjectConfigurationPlatforms) = postSolution
		{34BB1F54-FF30-47A1-9C32-7953424C14EB}.Debug|Any CPU.ActiveCfg = Debug|Any CPU
		{34BB1F54-FF30-47A1-9C32-7953424C14EB}.Debug|Any CPU.Build.0 = Debug|Any CPU
		{34BB1F54-FF30-47A1-9C32-7953424C14EB}.Release|Any CPU.ActiveCfg = Release|Any CPU
		{34BB1F54-FF30-47A1-9C32-7953424C14EB}.Release|Any CPU.Build.0 = Release|Any CPU
	EndGlobalSection
	GlobalSection(SolutionProperties) = preSolution
		HideSolutionNode = FALSE
	EndGlobalSection
	GlobalSection(ExtensibilityGlobals) = postSolution
		SolutionGuid = {5CDC93F2-ED52-4253-83BF-42480A21BAE7}
	EndGlobalSection
EndGlobal
